Microsoft Visual Studio Solution File, Format Version 12.00
# Visual Studio Version 17
VisualStudioVersion = 17.5.2.0
MinimumVisualStudioVersion = 10.0.40219.1
Project("{2150E333-8FDC-42A3-9474-1A3956D46DE8}") = "Backend", "Backend", "{1AE8ACA6-933B-BF2A-3671-3E2EAC007D16}"
EndProject
Project("{FAE04EC0-301F-11D3-BF4B-00C04F79EFBC}") = "SentraSence.Api", "Backend\SentraSence.Api.csproj", "{FDB6A87A-237C-A1A6-1D02-DAB989F0FF03}"
EndProject
Global
	GlobalSection(SolutionConfigurationPlatforms) = preSolution
		Debug|Any CPU = Debug|Any CPU
		Release|Any CPU = Release|Any CPU
	EndGlobalSection
	GlobalSection(ProjectConfigurationPlatforms) = postSolution
		{FDB6A87A-237C-A1A6-1D02-DAB989F0FF03}.Debug|Any CPU.ActiveCfg = Debug|Any CPU
		{FDB6A87A-237C-A1A6-1D02-DAB989F0FF03}.Debug|Any CPU.Build.0 = Debug|Any CPU
		{FDB6A87A-237C-A1A6-1D02-DAB989F0FF03}.Release|Any CPU.ActiveCfg = Release|Any CPU
		{FDB6A87A-237C-A1A6-1D02-DAB989F0FF03}.Release|Any CPU.Build.0 = Release|Any CPU
	EndGlobalSection
	GlobalSection(SolutionProperties) = preSolution
		HideSolutionNode = FALSE
	EndGlobalSection
	GlobalSection(NestedProjects) = preSolution
		{FDB6A87A-237C-A1A6-1D02-DAB989F0FF03} = {1AE8ACA6-933B-BF2A-3671-3E2EAC007D16}
	EndGlobalSection
	GlobalSection(ExtensibilityGlobals) = postSolution
		SolutionGuid = {4FA0C969-9B65-436F-9F5F-A98CFB42ADB0}
	EndGlobalSection
EndGlobal
